{
  "nodes": {
    "flake-parts": {
      "inputs": {
        "nixpkgs-lib": [
          "nixvim",
          "nixpkgs"
        ]
      },
      "locked": {
        "lastModified": 1730504689,
        "narHash": "sha256-hgmguH29K2fvs9szpq2r3pz2/8cJd2LPS+b4tfNFCwE=",
        "owner": "hercules-ci",
        "repo": "flake-parts",
        "rev": "506278e768c2a08bec68eb62932193e341f55c90",
        "type": "github"
      },
      "original": {
        "owner": "hercules-ci",
        "repo": "flake-parts",
        "type": "github"
      }
    },
    "nixos-unstable": {
      "locked": {
        "lastModified": 1732589495,
        "narHash": "sha256-KVfP387ZR3PxibI43GxVjTgoIywFiWl2H1CsnEr5Bfg=",
        "owner": "qowoz",
        "repo": "nixpkgs",
        "rev": "41a7fd4662d3b4a49178e3f3b2c3e88a2ba8fc80",
        "type": "github"
      },
      "original": {
        "owner": "qowoz",
        "ref": "hydra-meson",
        "repo": "nixpkgs",
        "type": "github"
      }
    },
    "nixvim": {
      "inputs": {
        "devshell": [],
        "flake-compat": [],
        "flake-parts": "flake-parts",
        "git-hooks": [],
        "home-manager": [],
        "nix-darwin": [],
        "nixpkgs": [
          "nixos-unstable"
        ],
        "nuschtosSearch": [],
        "treefmt-nix": []
      },
      "locked": {
        "lastModified": 1732478249,
        "narHash": "sha256-ka41KXN5B5C6yxJeIpFw5ytXFjd6vXJldw/5sN6y0CA=",
        "owner": "nix-community",
        "repo": "nixvim",
        "rev": "a81a03a3f5dcdcdee5cbe831a9f2e81895e92875",
        "type": "github"
      },
      "original": {
        "owner": "nix-community",
        "repo": "nixvim",
        "type": "github"
      }
    },
    "root": {
      "inputs": {
        "nixos-unstable": "nixos-unstable",
        "nixvim": "nixvim"
      }
    }
  },
  "root": "root",
  "version": 7
}
