{
  "nodes": {
    "nixos-unstable": {
      "locked": {
        "lastModified": 1726123687,
        "narHash": "sha256-fwpPGjVR5VM/uOifYkr9t5hZE2xGmFlp8RrKqedyizg=",
        "owner": "NixOS",
        "repo": "nixpkgs",
        "rev": "e5330a9a58dfae92df814013e90509dbae747ce9",
        "type": "github"
      },
      "original": {
        "owner": "NixOS",
        "ref": "nixos-unstable-small",
        "repo": "nixpkgs",
        "type": "github"
      }
    },
    "root": {
      "inputs": {
        "nixos-unstable": "nixos-unstable"
      }
    }
  },
  "root": "root",
  "version": 7
}
